
Microsoft Visual Studio Solution File, Format Version 12.00
# Visual Studio Version 16
VisualStudioVersion = 16.0.30804.86
MinimumVisualStudioVersion = 10.0.40219.1
Project("{FAE04EC0-301F-11D3-BF4B-00C04F79EFBC}") = "promocodes", "promocodes\promocodes.csproj", "{4FE9CDC9-C36E-48EE-B671-1202808F61DC}"
EndProject
Project("{FAE04EC0-301F-11D3-BF4B-00C04F79EFBC}") = "Tests", "Tests\Tests.csproj", "{B06BB0B3-56A3-4721-A35B-FF8E4935F5E4}"
EndProject
Global
	GlobalSection(SolutionConfigurationPlatforms) = preSolution
		Debug|Any CPU = Debug|Any CPU
		Release|Any CPU = Release|Any CPU
	EndGlobalSection
	GlobalSection(ProjectConfigurationPlatforms) = postSolution
		{4FE9CDC9-C36E-48EE-B671-1202808F61DC}.Debug|Any CPU.ActiveCfg = Debug|Any CPU
		{4FE9CDC9-C36E-48EE-B671-1202808F61DC}.Debug|Any CPU.Build.0 = Debug|Any CPU
		{4FE9CDC9-C36E-48EE-B671-1202808F61DC}.Release|Any CPU.ActiveCfg = Release|Any CPU
		{4FE9CDC9-C36E-48EE-B671-1202808F61DC}.Release|Any CPU.Build.0 = Release|Any CPU
		{B06BB0B3-56A3-4721-A35B-FF8E4935F5E4}.Debug|Any CPU.ActiveCfg = Debug|Any CPU
		{B06BB0B3-56A3-4721-A35B-FF8E4935F5E4}.Debug|Any CPU.Build.0 = Debug|Any CPU
		{B06BB0B3-56A3-4721-A35B-FF8E4935F5E4}.Release|Any CPU.ActiveCfg = Release|Any CPU
		{B06BB0B3-56A3-4721-A35B-FF8E4935F5E4}.Release|Any CPU.Build.0 = Release|Any CPU
	EndGlobalSection
	GlobalSection(SolutionProperties) = preSolution
		HideSolutionNode = FALSE
	EndGlobalSection
	GlobalSection(ExtensibilityGlobals) = postSolution
		SolutionGuid = {415909A9-07CB-417F-81CC-895822118347}
	EndGlobalSection
EndGlobal
